
Microsoft Visual Studio Solution File, Format Version 12.00
# Visual Studio Version 17
VisualStudioVersion = 17.8.34408.163
MinimumVisualStudioVersion = 10.0.40219.1
Project("{F184B08F-C81C-45F6-A57F-5ABD9991F28F}") = "12.Procedures", "12.Procedures\12.Procedures.vbproj", "{A2521BE7-F13B-4FEB-871F-C6B1CD592A87}"
EndProject
Global
	GlobalSection(SolutionConfigurationPlatforms) = preSolution
		Debug|Any CPU = Debug|Any CPU
		Release|Any CPU = Release|Any CPU
	EndGlobalSection
	GlobalSection(ProjectConfigurationPlatforms) = postSolution
		{A2521BE7-F13B-4FEB-871F-C6B1CD592A87}.Debug|Any CPU.ActiveCfg = Debug|Any CPU
		{A2521BE7-F13B-4FEB-871F-C6B1CD592A87}.Debug|Any CPU.Build.0 = Debug|Any CPU
		{A2521BE7-F13B-4FEB-871F-C6B1CD592A87}.Release|Any CPU.ActiveCfg = Release|Any CPU
		{A2521BE7-F13B-4FEB-871F-C6B1CD592A87}.Release|Any CPU.Build.0 = Release|Any CPU
	EndGlobalSection
	GlobalSection(SolutionProperties) = preSolution
		HideSolutionNode = FALSE
	EndGlobalSection
	GlobalSection(ExtensibilityGlobals) = postSolution
		SolutionGuid = {AC1E2E8D-A4DC-4E2F-858F-C0161FB16F80}
	EndGlobalSection
EndGlobal
